
Microsoft Visual Studio Solution File, Format Version 12.00
# Visual Studio 15
VisualStudioVersion = 15.0.28307.1622
MinimumVisualStudioVersion = 10.0.40219.1
Project("{8BC9CEB8-8B4A-11D0-8D11-00A0C91BC942}") = "Game", "Game\Game.vcxproj", "{B56034B3-BA2E-474B-993D-D134CF163759}"
EndProject
Global
	GlobalSection(SolutionConfigurationPlatforms) = preSolution
		Debug|x64 = Debug|x64
		Debug|x86 = Debug|x86
		Release|x64 = Release|x64
		Release|x86 = Release|x86
	EndGlobalSection
	GlobalSection(ProjectConfigurationPlatforms) = postSolution
		{B56034B3-BA2E-474B-993D-D134CF163759}.Debug|x64.ActiveCfg = Debug|x64
		{B56034B3-BA2E-474B-993D-D134CF163759}.Debug|x64.Build.0 = Debug|x64
		{B56034B3-BA2E-474B-993D-D134CF163759}.Debug|x86.ActiveCfg = Debug|Win32
		{B56034B3-BA2E-474B-993D-D134CF163759}.Debug|x86.Build.0 = Debug|Win32
		{B56034B3-BA2E-474B-993D-D134CF163759}.Release|x64.ActiveCfg = Release|x64
		{B56034B3-BA2E-474B-993D-D134CF163759}.Release|x64.Build.0 = Release|x64
		{B56034B3-BA2E-474B-993D-D134CF163759}.Release|x86.ActiveCfg = Release|Win32
		{B56034B3-BA2E-474B-993D-D134CF163759}.Release|x86.Build.0 = Release|Win32
	EndGlobalSection
	GlobalSection(SolutionProperties) = preSolution
		HideSolutionNode = FALSE
	EndGlobalSection
	GlobalSection(ExtensibilityGlobals) = postSolution
		SolutionGuid = {52C2DBC1-07F2-40A4-AA06-39E15FDA2C51}
	EndGlobalSection
EndGlobal
